
Microsoft Visual Studio Solution File, Format Version 12.00
# Visual Studio Version 17
VisualStudioVersion = 17.13.35825.156
MinimumVisualStudioVersion = 10.0.40219.1
Project("{FAE04EC0-301F-11D3-BF4B-00C04F79EFBC}") = "MondayIntegration", "MondayIntegration\MondayIntegration.csproj", "{EA564A18-7974-45B2-9DF3-C58A925FBDEE}"
EndProject
Global
	GlobalSection(SolutionConfigurationPlatforms) = preSolution
		Debug|Any CPU = Debug|Any CPU
		Release|Any CPU = Release|Any CPU
	EndGlobalSection
	GlobalSection(ProjectConfigurationPlatforms) = postSolution
		{EA564A18-7974-45B2-9DF3-C58A925FBDEE}.Debug|Any CPU.ActiveCfg = Debug|Any CPU
		{EA564A18-7974-45B2-9DF3-C58A925FBDEE}.Debug|Any CPU.Build.0 = Debug|Any CPU
		{EA564A18-7974-45B2-9DF3-C58A925FBDEE}.Release|Any CPU.ActiveCfg = Release|Any CPU
		{EA564A18-7974-45B2-9DF3-C58A925FBDEE}.Release|Any CPU.Build.0 = Release|Any CPU
	EndGlobalSection
	GlobalSection(SolutionProperties) = preSolution
		HideSolutionNode = FALSE
	EndGlobalSection
	GlobalSection(ExtensibilityGlobals) = postSolution
		SolutionGuid = {057376FE-3003-48A5-A8F2-B505D674A767}
	EndGlobalSection
EndGlobal
